NeoBundleLock Colour-Sampler-Pack 05cded87b2ef29aaa9e930230bb88e23abff4441
NeoBundleLock FastFold ca0f3378a045dfda17e5a6759637bf43dad61f4f
NeoBundleLock ack.vim 0a7d28bfb130696f73d122cac99d8903e066c896
NeoBundleLock base16-vim e711e9b1412b55fec7e8a5cff4ac5c06f9078729
<<<<<<< ec4489134b21757b05205b7c807f4be1d2e50587
=======
NeoBundleLock cobalt2-vim-theme 45973c6083d4f53b71f976b9718a5b663927be1a
>>>>>>> Vim updates
NeoBundleLock ctrlp.vim 564176f01d7f3f7f8ab452ff4e1f5314de7b0981
NeoBundleLock neobundle.vim e89b79b748a2f54893bb8fba70ca808d8ee554c7
NeoBundleLock nerdtree 4ebbb533c3faf2c480211db2b547972bb3b60f2b
NeoBundleLock scss-syntax.vim a834e4357dd91252b507a6893ef19e8d932c5f83
NeoBundleLock supertab 9f7da6d4988daf863ebc414f221bb12c2614f59e
NeoBundleLock vim-coffee-script 32fe889b8cafd3a4921ef8e6485156453ff58c42
NeoBundleLock vim-colorschemes 28a989b28457e38df620e4c7ab23e224aff70efe
NeoBundleLock vim-commentary e0f4850d78137a35b9461c530078bd77f39e4dce
NeoBundleLock vim-elixir 49d2dbd30d012503663ab3c90ab54014e7cabaab
NeoBundleLock vim-endwise f06abe3d6eca6f6ebfc31ea3163a51575f450df6
NeoBundleLock vim-fugitive 8851b8fe643517af160f59dfc3d88a0c4eed1fa5
NeoBundleLock vim-gitgutter f52f875fc7b25b601366bd6c0d67c53ad84f9559
NeoBundleLock vim-indent-object 1d3e4aac0117d57c3e1aaaa7e5a99f1d7553e01b
NeoBundleLock vim-javascript 1d8c2677d26d6b3950b90dc1636e63334c8efc3b
NeoBundleLock vim-jsx db329e121e281b79f19fc81ca641cf3a6209d8d2
NeoBundleLock vim-markdown 15d19778a3be4ab3f949cba636d53a87e2c03f29
NeoBundleLock vim-mustache-handlebars d1c983f3dd9a159c128c5192062caf7d47fd0f14
<<<<<<< ec4489134b21757b05205b7c807f4be1d2e50587
NeoBundleLock vim-rails 21ada3b19b77fc121afeb233c2b740600e41249a
=======
NeoBundleLock vim-rails ce4135c46059018ff1b4823f97b80f20ca7fb23f
>>>>>>> Vim updates
NeoBundleLock vim-ruby d87025e237360de04b76495b654882d37577766d
NeoBundleLock vim-surround 2d05440ad23f97a7874ebd9b5de3a0e65d25d85c
