NeoBundleLock Colour-Sampler-Pack 05cded87b2ef29aaa9e930230bb88e23abff4441
NeoBundleLock FastFold 37308d749ba3a4f955ecf9659cb9e659e507ac2e
NeoBundleLock ack.vim d9e23d11f0ecf3f3cf2e3e80ba5033d2f7c5018b
NeoBundleLock base16-vim e711e9b1412b55fec7e8a5cff4ac5c06f9078729
NeoBundleLock ctrlp.vim b5d3fe66a58a13d2ff8b6391f4387608496a030f
NeoBundleLock neobundle.vim 02bd438c42748980d21f6a01860f383e9cc62335
NeoBundleLock nerdtree af85499edace2acca27ce41790ac333f62b689bb
NeoBundleLock scss-syntax.vim 35f47ff7473939fdfcf7ba9ce36f0d8fb4bd4142
NeoBundleLock supertab c8bfeceb1fc92ad58f2ae6967cbfcd6fbcb0d6e7
NeoBundleLock vim-coffee-script 32fe889b8cafd3a4921ef8e6485156453ff58c42
NeoBundleLock vim-colorschemes 81c6dd7ce3169e5ad9ba92422ba6e1ce5b074e36
NeoBundleLock vim-commentary 9c685131a5facfa0d643feca3a61b41c007d8170
NeoBundleLock vim-elixir f2c747da5edd92c8430b9f1fdfe117467cf1551e
NeoBundleLock vim-endwise c72da7022cff99016821d9c2b66565bdb0f73c6c
NeoBundleLock vim-fugitive e065e4f841f4a033ac9a6156573a446007617b1d
NeoBundleLock vim-gitgutter 339f8ba079ed7d465ca442c9032b36bc56c21f61
NeoBundleLock vim-indent-object 78fffa609b3e6b84ef01ee4c9aba6d7435d7b18e
NeoBundleLock vim-javascript 8a409f7fd89de746296a92218183dc69fb6e3d93
NeoBundleLock vim-jsx 6e761f4e6f6539a6e842e5ffe15948d19695a052
NeoBundleLock vim-markdown 409c37b205afa2f9d590e23de8171482d66770e2
NeoBundleLock vim-mustache-handlebars 291e49908af86f2805d1a93b6a476f04906e28e1
NeoBundleLock vim-ruby ef2deeae81f540a17a3da5907146b3579c8ee0d6
NeoBundleLock vim-surround 772ab9587b7d1e2c3bae75395c9123803059ba8a
